// !$*UTF8*$!
{
	archiveVersion = 1;
	classes = {
	};
	objectVersion = 55;
	objects = {

/* Begin PBXBuildFile section */
		434793652899107100B968F1 /* AppDelegate.swift in Sources */ = {isa = PBXBuildFile; fileRef = 434793642899107100B968F1 /* AppDelegate.swift */; };
		434793672899107100B968F1 /* SceneDelegate.swift in Sources */ = {isa = PBXBuildFile; fileRef = 434793662899107100B968F1 /* SceneDelegate.swift */; };
		4347936E2899107300B968F1 /* Assets.xcassets in Resources */ = {isa = PBXBuildFile; fileRef = 4347936D2899107300B968F1 /* Assets.xcassets */; };
		434793712899107300B968F1 /* LaunchScreen.storyboard in Resources */ = {isa = PBXBuildFile; fileRef = 4347936F2899107300B968F1 /* LaunchScreen.storyboard */; };
		4347937C2899107300B968F1 /* CleanCodeTests.swift in Sources */ = {isa = PBXBuildFile; fileRef = 4347937B2899107300B968F1 /* CleanCodeTests.swift */; };
		434793862899107300B968F1 /* CleanCodeUITests.swift in Sources */ = {isa = PBXBuildFile; fileRef = 434793852899107300B968F1 /* CleanCodeUITests.swift */; };
		434793882899107300B968F1 /* CleanCodeUITestsLaunchTests.swift in Sources */ = {isa = PBXBuildFile; fileRef = 434793872899107300B968F1 /* CleanCodeUITestsLaunchTests.swift */; };
		43C67C72289D109E0058CE58 /* Alamofire in Frameworks */ = {isa = PBXBuildFile; productRef = 43C67C71289D109E0058CE58 /* Alamofire */; };
		43C67C79289D14B60058CE58 /* AbstractErrorParser.swift in Sources */ = {isa = PBXBuildFile; fileRef = 43C67C78289D14B60058CE58 /* AbstractErrorParser.swift */; };
		43C67C7B289D14DC0058CE58 /* ErrorParser.swift in Sources */ = {isa = PBXBuildFile; fileRef = 43C67C7A289D14DC0058CE58 /* ErrorParser.swift */; };
		43C67C7D289D15550058CE58 /* DataRequest.swift in Sources */ = {isa = PBXBuildFile; fileRef = 43C67C7C289D15550058CE58 /* DataRequest.swift */; };
		43C67C7F289D16480058CE58 /* RequstRouter.swift in Sources */ = {isa = PBXBuildFile; fileRef = 43C67C7E289D16480058CE58 /* RequstRouter.swift */; };
		43C67C83289D16EB0058CE58 /* LoginResult.swift in Sources */ = {isa = PBXBuildFile; fileRef = 43C67C82289D16EB0058CE58 /* LoginResult.swift */; };
		43C67C85289D17100058CE58 /* User.swift in Sources */ = {isa = PBXBuildFile; fileRef = 43C67C84289D17100058CE58 /* User.swift */; };
		43C67C88289D17820058CE58 /* AuthRequstFactory.swift in Sources */ = {isa = PBXBuildFile; fileRef = 43C67C87289D17820058CE58 /* AuthRequstFactory.swift */; };
		43C67C8A289D180F0058CE58 /* Auth.swift in Sources */ = {isa = PBXBuildFile; fileRef = 43C67C89289D180F0058CE58 /* Auth.swift */; };
		43C67C8C289D18740058CE58 /* RequstFactory.swift in Sources */ = {isa = PBXBuildFile; fileRef = 43C67C8B289D18740058CE58 /* RequstFactory.swift */; };
		43C67C94289D23BE0058CE58 /* RegisterResult.swift in Sources */ = {isa = PBXBuildFile; fileRef = 43C67C93289D23BE0058CE58 /* RegisterResult.swift */; };
		43C67C99289D29AE0058CE58 /* CommonResult.swift in Sources */ = {isa = PBXBuildFile; fileRef = 43C67C98289D29AD0058CE58 /* CommonResult.swift */; };
		43C67C9C289D2D110058CE58 /* LoginRequest.swift in Sources */ = {isa = PBXBuildFile; fileRef = 43C67C9B289D2D110058CE58 /* LoginRequest.swift */; };
		43C67C9E289D2D570058CE58 /* RegisterRequest.swift in Sources */ = {isa = PBXBuildFile; fileRef = 43C67C9D289D2D570058CE58 /* RegisterRequest.swift */; };
		43C67CA0289D2D840058CE58 /* ChangeUserDataRequest.swift in Sources */ = {isa = PBXBuildFile; fileRef = 43C67C9F289D2D840058CE58 /* ChangeUserDataRequest.swift */; };
		43C67CA2289D2DB60058CE58 /* LogoutRequest.swift in Sources */ = {isa = PBXBuildFile; fileRef = 43C67CA1289D2DB60058CE58 /* LogoutRequest.swift */; };
/* End PBXBuildFile section */

/* Begin PBXContainerItemProxy section */
		434793782899107300B968F1 /* PBXContainerItemProxy */ = {
			isa = PBXContainerItemProxy;
			containerPortal = 434793592899107100B968F1 /* Project object */;
			proxyType = 1;
			remoteGlobalIDString = 434793602899107100B968F1;
			remoteInfo = CleanCode;
		};
		434793822899107300B968F1 /* PBXContainerItemProxy */ = {
			isa = PBXContainerItemProxy;
			containerPortal = 434793592899107100B968F1 /* Project object */;
			proxyType = 1;
			remoteGlobalIDString = 434793602899107100B968F1;
			remoteInfo = CleanCode;
		};
/* End PBXContainerItemProxy section */

/* Begin PBXFileReference section */
		434793612899107100B968F1 /* CleanCode.app */ = {isa = PBXFileReference; explicitFileType = wrapper.application; includeInIndex = 0; path = CleanCode.app; sourceTree = BUILT_PRODUCTS_DIR; };
		434793642899107100B968F1 /* AppDelegate.swift */ = {isa = PBXFileReference; lastKnownFileType = sourcecode.swift; path = AppDelegate.swift; sourceTree = "<group>"; };
		434793662899107100B968F1 /* SceneDelegate.swift */ = {isa = PBXFileReference; lastKnownFileType = sourcecode.swift; path = SceneDelegate.swift; sourceTree = "<group>"; };
		4347936D2899107300B968F1 /* Assets.xcassets */ = {isa = PBXFileReference; lastKnownFileType = folder.assetcatalog; path = Assets.xcassets; sourceTree = "<group>"; };
		434793702899107300B968F1 /* Base */ = {isa = PBXFileReference; lastKnownFileType = file.storyboard; name = Base; path = Base.lproj/LaunchScreen.storyboard; sourceTree = "<group>"; };
		434793722899107300B968F1 /* Info.plist */ = {isa = PBXFileReference; lastKnownFileType = text.plist.xml; path = Info.plist; sourceTree = "<group>"; };
		434793772899107300B968F1 /* CleanCodeTests.xctest */ = {isa = PBXFileReference; explicitFileType = wrapper.cfbundle; includeInIndex = 0; path = CleanCodeTests.xctest; sourceTree = BUILT_PRODUCTS_DIR; };
		4347937B2899107300B968F1 /* CleanCodeTests.swift */ = {isa = PBXFileReference; lastKnownFileType = sourcecode.swift; path = CleanCodeTests.swift; sourceTree = "<group>"; };
		434793812899107300B968F1 /* CleanCodeUITests.xctest */ = {isa = PBXFileReference; explicitFileType = wrapper.cfbundle; includeInIndex = 0; path = CleanCodeUITests.xctest; sourceTree = BUILT_PRODUCTS_DIR; };
		434793852899107300B968F1 /* CleanCodeUITests.swift */ = {isa = PBXFileReference; lastKnownFileType = sourcecode.swift; path = CleanCodeUITests.swift; sourceTree = "<group>"; };
		434793872899107300B968F1 /* CleanCodeUITestsLaunchTests.swift */ = {isa = PBXFileReference; lastKnownFileType = sourcecode.swift; path = CleanCodeUITestsLaunchTests.swift; sourceTree = "<group>"; };
		43C67C78289D14B60058CE58 /* AbstractErrorParser.swift */ = {isa = PBXFileReference; lastKnownFileType = sourcecode.swift; path = AbstractErrorParser.swift; sourceTree = "<group>"; };
		43C67C7A289D14DC0058CE58 /* ErrorParser.swift */ = {isa = PBXFileReference; lastKnownFileType = sourcecode.swift; path = ErrorParser.swift; sourceTree = "<group>"; };
		43C67C7C289D15550058CE58 /* DataRequest.swift */ = {isa = PBXFileReference; lastKnownFileType = sourcecode.swift; path = DataRequest.swift; sourceTree = "<group>"; };
		43C67C7E289D16480058CE58 /* RequstRouter.swift */ = {isa = PBXFileReference; lastKnownFileType = sourcecode.swift; path = RequstRouter.swift; sourceTree = "<group>"; };
		43C67C82289D16EB0058CE58 /* LoginResult.swift */ = {isa = PBXFileReference; lastKnownFileType = sourcecode.swift; path = LoginResult.swift; sourceTree = "<group>"; };
		43C67C84289D17100058CE58 /* User.swift */ = {isa = PBXFileReference; lastKnownFileType = sourcecode.swift; path = User.swift; sourceTree = "<group>"; };
		43C67C87289D17820058CE58 /* AuthRequstFactory.swift */ = {isa = PBXFileReference; lastKnownFileType = sourcecode.swift; path = AuthRequstFactory.swift; sourceTree = "<group>"; };
		43C67C89289D180F0058CE58 /* Auth.swift */ = {isa = PBXFileReference; lastKnownFileType = sourcecode.swift; path = Auth.swift; sourceTree = "<group>"; };
		43C67C8B289D18740058CE58 /* RequstFactory.swift */ = {isa = PBXFileReference; lastKnownFileType = sourcecode.swift; path = RequstFactory.swift; sourceTree = "<group>"; };
		43C67C93289D23BE0058CE58 /* RegisterResult.swift */ = {isa = PBXFileReference; lastKnownFileType = sourcecode.swift; path = RegisterResult.swift; sourceTree = "<group>"; };
		43C67C98289D29AD0058CE58 /* CommonResult.swift */ = {isa = PBXFileReference; lastKnownFileType = sourcecode.swift; path = CommonResult.swift; sourceTree = "<group>"; };
		43C67C9B289D2D110058CE58 /* LoginRequest.swift */ = {isa = PBXFileReference; lastKnownFileType = sourcecode.swift; path = LoginRequest.swift; sourceTree = "<group>"; };
		43C67C9D289D2D570058CE58 /* RegisterRequest.swift */ = {isa = PBXFileReference; lastKnownFileType = sourcecode.swift; path = RegisterRequest.swift; sourceTree = "<group>"; };
		43C67C9F289D2D840058CE58 /* ChangeUserDataRequest.swift */ = {isa = PBXFileReference; lastKnownFileType = sourcecode.swift; path = ChangeUserDataRequest.swift; sourceTree = "<group>"; };
		43C67CA1289D2DB60058CE58 /* LogoutRequest.swift */ = {isa = PBXFileReference; lastKnownFileType = sourcecode.swift; path = LogoutRequest.swift; sourceTree = "<group>"; };
/* End PBXFileReference section */

/* Begin PBXFrameworksBuildPhase section */
		4347935E2899107100B968F1 /* Frameworks */ = {
			isa = PBXFrameworksBuildPhase;
			buildActionMask = 2147483647;
			files = (
				43C67C72289D109E0058CE58 /* Alamofire in Frameworks */,
			);
			runOnlyForDeploymentPostprocessing = 0;
		};
		434793742899107300B968F1 /* Frameworks */ = {
			isa = PBXFrameworksBuildPhase;
			buildActionMask = 2147483647;
			files = (
			);
			runOnlyForDeploymentPostprocessing = 0;
		};
		4347937E2899107300B968F1 /* Frameworks */ = {
			isa = PBXFrameworksBuildPhase;
			buildActionMask = 2147483647;
			files = (
			);
			runOnlyForDeploymentPostprocessing = 0;
		};
/* End PBXFrameworksBuildPhase section */

/* Begin PBXGroup section */
		434793582899107100B968F1 = {
			isa = PBXGroup;
			children = (
				434793632899107100B968F1 /* CleanCode */,
				4347937A2899107300B968F1 /* CleanCodeTests */,
				434793842899107300B968F1 /* CleanCodeUITests */,
				434793622899107100B968F1 /* Products */,
			);
			sourceTree = "<group>";
		};
		434793622899107100B968F1 /* Products */ = {
			isa = PBXGroup;
			children = (
				434793612899107100B968F1 /* CleanCode.app */,
				434793772899107300B968F1 /* CleanCodeTests.xctest */,
				434793812899107300B968F1 /* CleanCodeUITests.xctest */,
			);
			name = Products;
			sourceTree = "<group>";
		};
		434793632899107100B968F1 /* CleanCode */ = {
			isa = PBXGroup;
			children = (
				4347939528991B9200B968F1 /* App */,
				4347939628991B9700B968F1 /* Core */,
				4347939428991B6200B968F1 /* Resources */,
				4347939728991BA100B968F1 /* Environments */,
			);
			path = CleanCode;
			sourceTree = "<group>";
		};
		4347937A2899107300B968F1 /* CleanCodeTests */ = {
			isa = PBXGroup;
			children = (
				4347937B2899107300B968F1 /* CleanCodeTests.swift */,
			);
			path = CleanCodeTests;
			sourceTree = "<group>";
		};
		434793842899107300B968F1 /* CleanCodeUITests */ = {
			isa = PBXGroup;
			children = (
				434793852899107300B968F1 /* CleanCodeUITests.swift */,
				434793872899107300B968F1 /* CleanCodeUITestsLaunchTests.swift */,
			);
			path = CleanCodeUITests;
			sourceTree = "<group>";
		};
		4347939428991B6200B968F1 /* Resources */ = {
			isa = PBXGroup;
			children = (
				4347936F2899107300B968F1 /* LaunchScreen.storyboard */,
				4347936D2899107300B968F1 /* Assets.xcassets */,
			);
			path = Resources;
			sourceTree = "<group>";
		};
		4347939528991B9200B968F1 /* App */ = {
			isa = PBXGroup;
			children = (
				434793662899107100B968F1 /* SceneDelegate.swift */,
				434793642899107100B968F1 /* AppDelegate.swift */,
				4347939A28991BEC00B968F1 /* Assembly */,
				4347939828991BBD00B968F1 /* BusinessLogic */,
				4347939928991BE400B968F1 /* Entity */,
				4347939B28991BF500B968F1 /* Flows */,
			);
			path = App;
			sourceTree = "<group>";
		};
		4347939628991B9700B968F1 /* Core */ = {
			isa = PBXGroup;
			children = (
				43C67C76289D14820058CE58 /* Network */,
			);
			path = Core;
			sourceTree = "<group>";
		};
		4347939728991BA100B968F1 /* Environments */ = {
			isa = PBXGroup;
			children = (
				434793722899107300B968F1 /* Info.plist */,
			);
			path = Environments;
			sourceTree = "<group>";
		};
		4347939828991BBD00B968F1 /* BusinessLogic */ = {
			isa = PBXGroup;
			children = (
				43C67C86289D17670058CE58 /* Network */,
			);
			path = BusinessLogic;
			sourceTree = "<group>";
		};
		4347939928991BE400B968F1 /* Entity */ = {
			isa = PBXGroup;
			children = (
				43C67C98289D29AD0058CE58 /* CommonResult.swift */,
				43C67C96289D24430058CE58 /* Register */,
				43C67C95289D23C10058CE58 /* Login */,
			);
			path = Entity;
			sourceTree = "<group>";
		};
		4347939A28991BEC00B968F1 /* Assembly */ = {
			isa = PBXGroup;
			children = (
			);
			path = Assembly;
			sourceTree = "<group>";
		};
		4347939B28991BF500B968F1 /* Flows */ = {
			isa = PBXGroup;
			children = (
			);
			path = Flows;
			sourceTree = "<group>";
		};
		43C67C76289D14820058CE58 /* Network */ = {
			isa = PBXGroup;
			children = (
				43C67C77289D14950058CE58 /* Encoding */,
				43C67C7C289D15550058CE58 /* DataRequest.swift */,
				43C67C7E289D16480058CE58 /* RequstRouter.swift */,
				43C67C8B289D18740058CE58 /* RequstFactory.swift */,
			);
			path = Network;
			sourceTree = "<group>";
		};
		43C67C77289D14950058CE58 /* Encoding */ = {
			isa = PBXGroup;
			children = (
				43C67C78289D14B60058CE58 /* AbstractErrorParser.swift */,
				43C67C7A289D14DC0058CE58 /* ErrorParser.swift */,
			);
			path = Encoding;
			sourceTree = "<group>";
		};
		43C67C86289D17670058CE58 /* Network */ = {
			isa = PBXGroup;
			children = (
				43C67C8D289D21490058CE58 /* Auth */,
			);
			path = Network;
			sourceTree = "<group>";
		};
		43C67C8D289D21490058CE58 /* Auth */ = {
			isa = PBXGroup;
			children = (
				43C67C9A289D2CE90058CE58 /* Extensions */,
				43C67C89289D180F0058CE58 /* Auth.swift */,
				43C67C87289D17820058CE58 /* AuthRequstFactory.swift */,
			);
			path = Auth;
			sourceTree = "<group>";
		};
		43C67C95289D23C10058CE58 /* Login */ = {
			isa = PBXGroup;
			children = (
				43C67C82289D16EB0058CE58 /* LoginResult.swift */,
				43C67C84289D17100058CE58 /* User.swift */,
			);
			path = Login;
			sourceTree = "<group>";
		};
		43C67C96289D24430058CE58 /* Register */ = {
			isa = PBXGroup;
			children = (
				43C67C93289D23BE0058CE58 /* RegisterResult.swift */,
			);
			path = Register;
			sourceTree = "<group>";
		};
		43C67C9A289D2CE90058CE58 /* Extensions */ = {
			isa = PBXGroup;
			children = (
				43C67C9B289D2D110058CE58 /* LoginRequest.swift */,
				43C67C9D289D2D570058CE58 /* RegisterRequest.swift */,
				43C67C9F289D2D840058CE58 /* ChangeUserDataRequest.swift */,
				43C67CA1289D2DB60058CE58 /* LogoutRequest.swift */,
			);
			path = Extensions;
			sourceTree = "<group>";
		};
/* End PBXGroup section */

/* Begin PBXNativeTarget section */
		434793602899107100B968F1 /* CleanCode */ = {
			isa = PBXNativeTarget;
			buildConfigurationList = 4347938B2899107300B968F1 /* Build configuration list for PBXNativeTarget "CleanCode" */;
			buildPhases = (
				4347935D2899107100B968F1 /* Sources */,
				4347935E2899107100B968F1 /* Frameworks */,
				4347935F2899107100B968F1 /* Resources */,
			);
			buildRules = (
			);
			dependencies = (
			);
			name = CleanCode;
			packageProductDependencies = (
				43C67C71289D109E0058CE58 /* Alamofire */,
			);
			productName = CleanCode;
			productReference = 434793612899107100B968F1 /* CleanCode.app */;
			productType = "com.apple.product-type.application";
		};
		434793762899107300B968F1 /* CleanCodeTests */ = {
			isa = PBXNativeTarget;
			buildConfigurationList = 4347938E2899107300B968F1 /* Build configuration list for PBXNativeTarget "CleanCodeTests" */;
			buildPhases = (
				434793732899107300B968F1 /* Sources */,
				434793742899107300B968F1 /* Frameworks */,
				434793752899107300B968F1 /* Resources */,
			);
			buildRules = (
			);
			dependencies = (
				434793792899107300B968F1 /* PBXTargetDependency */,
			);
			name = CleanCodeTests;
			productName = CleanCodeTests;
			productReference = 434793772899107300B968F1 /* CleanCodeTests.xctest */;
			productType = "com.apple.product-type.bundle.unit-test";
		};
		434793802899107300B968F1 /* CleanCodeUITests */ = {
			isa = PBXNativeTarget;
			buildConfigurationList = 434793912899107300B968F1 /* Build configuration list for PBXNativeTarget "CleanCodeUITests" */;
			buildPhases = (
				4347937D2899107300B968F1 /* Sources */,
				4347937E2899107300B968F1 /* Frameworks */,
				4347937F2899107300B968F1 /* Resources */,
			);
			buildRules = (
			);
			dependencies = (
				434793832899107300B968F1 /* PBXTargetDependency */,
			);
			name = CleanCodeUITests;
			productName = CleanCodeUITests;
			productReference = 434793812899107300B968F1 /* CleanCodeUITests.xctest */;
			productType = "com.apple.product-type.bundle.ui-testing";
		};
/* End PBXNativeTarget section */

/* Begin PBXProject section */
		434793592899107100B968F1 /* Project object */ = {
			isa = PBXProject;
			attributes = {
				BuildIndependentTargetsInParallel = 1;
				LastSwiftUpdateCheck = 1340;
				LastUpgradeCheck = 1340;
				TargetAttributes = {
					434793602899107100B968F1 = {
						CreatedOnToolsVersion = 13.4.1;
					};
					434793762899107300B968F1 = {
						CreatedOnToolsVersion = 13.4.1;
						TestTargetID = 434793602899107100B968F1;
					};
					434793802899107300B968F1 = {
						CreatedOnToolsVersion = 13.4.1;
						TestTargetID = 434793602899107100B968F1;
					};
				};
			};
			buildConfigurationList = 4347935C2899107100B968F1 /* Build configuration list for PBXProject "CleanCode" */;
			compatibilityVersion = "Xcode 13.0";
			developmentRegion = en;
			hasScannedForEncodings = 0;
			knownRegions = (
				en,
				Base,
			);
			mainGroup = 434793582899107100B968F1;
			packageReferences = (
				43C67C70289D109E0058CE58 /* XCRemoteSwiftPackageReference "Alamofire" */,
			);
			productRefGroup = 434793622899107100B968F1 /* Products */;
			projectDirPath = "";
			projectRoot = "";
			targets = (
				434793602899107100B968F1 /* CleanCode */,
				434793762899107300B968F1 /* CleanCodeTests */,
				434793802899107300B968F1 /* CleanCodeUITests */,
			);
		};
/* End PBXProject section */

/* Begin PBXResourcesBuildPhase section */
		4347935F2899107100B968F1 /* Resources */ = {
			isa = PBXResourcesBuildPhase;
			buildActionMask = 2147483647;
			files = (
				434793712899107300B968F1 /* LaunchScreen.storyboard in Resources */,
				4347936E2899107300B968F1 /* Assets.xcassets in Resources */,
			);
			runOnlyForDeploymentPostprocessing = 0;
		};
		434793752899107300B968F1 /* Resources */ = {
			isa = PBXResourcesBuildPhase;
			buildActionMask = 2147483647;
			files = (
			);
			runOnlyForDeploymentPostprocessing = 0;
		};
		4347937F2899107300B968F1 /* Resources */ = {
			isa = PBXResourcesBuildPhase;
			buildActionMask = 2147483647;
			files = (
			);
			runOnlyForDeploymentPostprocessing = 0;
		};
/* End PBXResourcesBuildPhase section */

/* Begin PBXSourcesBuildPhase section */
		4347935D2899107100B968F1 /* Sources */ = {
			isa = PBXSourcesBuildPhase;
			buildActionMask = 2147483647;
			files = (
				43C67C88289D17820058CE58 /* AuthRequstFactory.swift in Sources */,
				43C67C9C289D2D110058CE58 /* LoginRequest.swift in Sources */,
				43C67C9E289D2D570058CE58 /* RegisterRequest.swift in Sources */,
				43C67CA2289D2DB60058CE58 /* LogoutRequest.swift in Sources */,
				43C67C79289D14B60058CE58 /* AbstractErrorParser.swift in Sources */,
				43C67C99289D29AE0058CE58 /* CommonResult.swift in Sources */,
				43C67C83289D16EB0058CE58 /* LoginResult.swift in Sources */,
				43C67C7D289D15550058CE58 /* DataRequest.swift in Sources */,
				434793652899107100B968F1 /* AppDelegate.swift in Sources */,
				43C67C8A289D180F0058CE58 /* Auth.swift in Sources */,
				43C67C94289D23BE0058CE58 /* RegisterResult.swift in Sources */,
				43C67C85289D17100058CE58 /* User.swift in Sources */,
				43C67C8C289D18740058CE58 /* RequstFactory.swift in Sources */,
				434793672899107100B968F1 /* SceneDelegate.swift in Sources */,
				43C67C7F289D16480058CE58 /* RequstRouter.swift in Sources */,
				43C67CA0289D2D840058CE58 /* ChangeUserDataRequest.swift in Sources */,
				43C67C7B289D14DC0058CE58 /* ErrorParser.swift in Sources */,
			);
			runOnlyForDeploymentPostprocessing = 0;
		};
		434793732899107300B968F1 /* Sources */ = {
			isa = PBXSourcesBuildPhase;
			buildActionMask = 2147483647;
			files = (
				4347937C2899107300B968F1 /* CleanCodeTests.swift in Sources */,
			);
			runOnlyForDeploymentPostprocessing = 0;
		};
		4347937D2899107300B968F1 /* Sources */ = {
			isa = PBXSourcesBuildPhase;
			buildActionMask = 2147483647;
			files = (
				434793862899107300B968F1 /* CleanCodeUITests.swift in Sources */,
				434793882899107300B968F1 /* CleanCodeUITestsLaunchTests.swift in Sources */,
			);
			runOnlyForDeploymentPostprocessing = 0;
		};
/* End PBXSourcesBuildPhase section */

/* Begin PBXTargetDependency section */
		434793792899107300B968F1 /* PBXTargetDependency */ = {
			isa = PBXTargetDependency;
			target = 434793602899107100B968F1 /* CleanCode */;
			targetProxy = 434793782899107300B968F1 /* PBXContainerItemProxy */;
		};
		434793832899107300B968F1 /* PBXTargetDependency */ = {
			isa = PBXTargetDependency;
			target = 434793602899107100B968F1 /* CleanCode */;
			targetProxy = 434793822899107300B968F1 /* PBXContainerItemProxy */;
		};
/* End PBXTargetDependency section */

/* Begin PBXVariantGroup section */
		4347936F2899107300B968F1 /* LaunchScreen.storyboard */ = {
			isa = PBXVariantGroup;
			children = (
				434793702899107300B968F1 /* Base */,
			);
			name = LaunchScreen.storyboard;
			sourceTree = "<group>";
		};
/* End PBXVariantGroup section */

/* Begin XCBuildConfiguration section */
		434793892899107300B968F1 /* Debug */ = {
			isa = XCBuildConfiguration;
			buildSettings = {
				ALWAYS_SEARCH_USER_PATHS = NO;
				CLANG_ANALYZER_NONNULL = YES;
				CLANG_ANALYZER_NUMBER_OBJECT_CONVERSION = YES_AGGRESSIVE;
				CLANG_CXX_LANGUAGE_STANDARD = "gnu++17";
				CLANG_ENABLE_MODULES = YES;
				CLANG_ENABLE_OBJC_ARC = YES;
				CLANG_ENABLE_OBJC_WEAK = YES;
				CLANG_WARN_BLOCK_CAPTURE_AUTORELEASING = YES;
				CLANG_WARN_BOOL_CONVERSION = YES;
				CLANG_WARN_COMMA = YES;
				CLANG_WARN_CONSTANT_CONVERSION = YES;
				CLANG_WARN_DEPRECATED_OBJC_IMPLEMENTATIONS = YES;
				CLANG_WARN_DIRECT_OBJC_ISA_USAGE = YES_ERROR;
				CLANG_WARN_DOCUMENTATION_COMMENTS = YES;
				CLANG_WARN_EMPTY_BODY = YES;
				CLANG_WARN_ENUM_CONVERSION = YES;
				CLANG_WARN_INFINITE_RECURSION = YES;
				CLANG_WARN_INT_CONVERSION = YES;
				CLANG_WARN_NON_LITERAL_NULL_CONVERSION = YES;
				CLANG_WARN_OBJC_IMPLICIT_RETAIN_SELF = YES;
				CLANG_WARN_OBJC_LITERAL_CONVERSION = YES;
				CLANG_WARN_OBJC_ROOT_CLASS = YES_ERROR;
				CLANG_WARN_QUOTED_INCLUDE_IN_FRAMEWORK_HEADER = YES;
				CLANG_WARN_RANGE_LOOP_ANALYSIS = YES;
				CLANG_WARN_STRICT_PROTOTYPES = YES;
				CLANG_WARN_SUSPICIOUS_MOVE = YES;
				CLANG_WARN_UNGUARDED_AVAILABILITY = YES_AGGRESSIVE;
				CLANG_WARN_UNREACHABLE_CODE = YES;
				CLANG_WARN__DUPLICATE_METHOD_MATCH = YES;
				COPY_PHASE_STRIP = NO;
				DEBUG_INFORMATION_FORMAT = dwarf;
				ENABLE_STRICT_OBJC_MSGSEND = YES;
				ENABLE_TESTABILITY = YES;
				GCC_C_LANGUAGE_STANDARD = gnu11;
				GCC_DYNAMIC_NO_PIC = NO;
				GCC_NO_COMMON_BLOCKS = YES;
				GCC_OPTIMIZATION_LEVEL = 0;
				GCC_PREPROCESSOR_DEFINITIONS = (
					"DEBUG=1",
					"$(inherited)",
				);
				GCC_WARN_64_TO_32_BIT_CONVERSION = YES;
				GCC_WARN_ABOUT_RETURN_TYPE = YES_ERROR;
				GCC_WARN_UNDECLARED_SELECTOR = YES;
				GCC_WARN_UNINITIALIZED_AUTOS = YES_AGGRESSIVE;
				GCC_WARN_UNUSED_FUNCTION = YES;
				GCC_WARN_UNUSED_VARIABLE = YES;
				IPHONEOS_DEPLOYMENT_TARGET = 15.5;
				MTL_ENABLE_DEBUG_INFO = INCLUDE_SOURCE;
				MTL_FAST_MATH = YES;
				ONLY_ACTIVE_ARCH = YES;
				SDKROOT = iphoneos;
				SWIFT_ACTIVE_COMPILATION_CONDITIONS = DEBUG;
				SWIFT_OPTIMIZATION_LEVEL = "-Onone";
			};
			name = Debug;
		};
		4347938A2899107300B968F1 /* Release */ = {
			isa = XCBuildConfiguration;
			buildSettings = {
				ALWAYS_SEARCH_USER_PATHS = NO;
				CLANG_ANALYZER_NONNULL = YES;
				CLANG_ANALYZER_NUMBER_OBJECT_CONVERSION = YES_AGGRESSIVE;
				CLANG_CXX_LANGUAGE_STANDARD = "gnu++17";
				CLANG_ENABLE_MODULES = YES;
				CLANG_ENABLE_OBJC_ARC = YES;
				CLANG_ENABLE_OBJC_WEAK = YES;
				CLANG_WARN_BLOCK_CAPTURE_AUTORELEASING = YES;
				CLANG_WARN_BOOL_CONVERSION = YES;
				CLANG_WARN_COMMA = YES;
				CLANG_WARN_CONSTANT_CONVERSION = YES;
				CLANG_WARN_DEPRECATED_OBJC_IMPLEMENTATIONS = YES;
				CLANG_WARN_DIRECT_OBJC_ISA_USAGE = YES_ERROR;
				CLANG_WARN_DOCUMENTATION_COMMENTS = YES;
				CLANG_WARN_EMPTY_BODY = YES;
				CLANG_WARN_ENUM_CONVERSION = YES;
				CLANG_WARN_INFINITE_RECURSION = YES;
				CLANG_WARN_INT_CONVERSION = YES;
				CLANG_WARN_NON_LITERAL_NULL_CONVERSION = YES;
				CLANG_WARN_OBJC_IMPLICIT_RETAIN_SELF = YES;
				CLANG_WARN_OBJC_LITERAL_CONVERSION = YES;
				CLANG_WARN_OBJC_ROOT_CLASS = YES_ERROR;
				CLANG_WARN_QUOTED_INCLUDE_IN_FRAMEWORK_HEADER = YES;
				CLANG_WARN_RANGE_LOOP_ANALYSIS = YES;
				CLANG_WARN_STRICT_PROTOTYPES = YES;
				CLANG_WARN_SUSPICIOUS_MOVE = YES;
				CLANG_WARN_UNGUARDED_AVAILABILITY = YES_AGGRESSIVE;
				CLANG_WARN_UNREACHABLE_CODE = YES;
				CLANG_WARN__DUPLICATE_METHOD_MATCH = YES;
				COPY_PHASE_STRIP = NO;
				DEBUG_INFORMATION_FORMAT = "dwarf-with-dsym";
				ENABLE_NS_ASSERTIONS = NO;
				ENABLE_STRICT_OBJC_MSGSEND = YES;
				GCC_C_LANGUAGE_STANDARD = gnu11;
				GCC_NO_COMMON_BLOCKS = YES;
				GCC_WARN_64_TO_32_BIT_CONVERSION = YES;
				GCC_WARN_ABOUT_RETURN_TYPE = YES_ERROR;
				GCC_WARN_UNDECLARED_SELECTOR = YES;
				GCC_WARN_UNINITIALIZED_AUTOS = YES_AGGRESSIVE;
				GCC_WARN_UNUSED_FUNCTION = YES;
				GCC_WARN_UNUSED_VARIABLE = YES;
				IPHONEOS_DEPLOYMENT_TARGET = 15.5;
				MTL_ENABLE_DEBUG_INFO = NO;
				MTL_FAST_MATH = YES;
				SDKROOT = iphoneos;
				SWIFT_COMPILATION_MODE = wholemodule;
				SWIFT_OPTIMIZATION_LEVEL = "-O";
				VALIDATE_PRODUCT = YES;
			};
			name = Release;
		};
		4347938C2899107300B968F1 /* Debug */ = {
			isa = XCBuildConfiguration;
			buildSettings = {
				ASSETCATALOG_COMPILER_APPICON_NAME = AppIcon;
				ASSETCATALOG_COMPILER_GLOBAL_ACCENT_COLOR_NAME = AccentColor;
				CODE_SIGN_STYLE = Automatic;
				CURRENT_PROJECT_VERSION = 1;
				DEVELOPMENT_TEAM = 4ASSJS6XBQ;
				GENERATE_INFOPLIST_FILE = YES;
				INFOPLIST_FILE = CleanCode/Info.plist;
				INFOPLIST_KEY_UIApplicationSupportsIndirectInputEvents = YES;
				INFOPLIST_KEY_UILaunchStoryboardName = LaunchScreen;
				INFOPLIST_KEY_UISupportedInterfaceOrientations_iPad = "UIInterfaceOrientationPortrait UIInterfaceOrientationPortraitUpsideDown UIInterfaceOrientationLandscapeLeft UIInterfaceOrientationLandscapeRight";
				INFOPLIST_KEY_UISupportedInterfaceOrientations_iPhone = "UIInterfaceOrientationPortrait UIInterfaceOrientationLandscapeLeft UIInterfaceOrientationLandscapeRight";
				LD_RUNPATH_SEARCH_PATHS = (
					"$(inherited)",
					"@executable_path/Frameworks",
				);
				MARKETING_VERSION = 1.0;
				PRODUCT_BUNDLE_IDENTIFIER = hz4ever.CleanCode;
				PRODUCT_NAME = "$(TARGET_NAME)";
				SWIFT_EMIT_LOC_STRINGS = YES;
				SWIFT_VERSION = 5.0;
				TARGETED_DEVICE_FAMILY = "1,2";
			};
			name = Debug;
		};
		4347938D2899107300B968F1 /* Release */ = {
			isa = XCBuildConfiguration;
			buildSettings = {
				ASSETCATALOG_COMPILER_APPICON_NAME = AppIcon;
				ASSETCATALOG_COMPILER_GLOBAL_ACCENT_COLOR_NAME = AccentColor;
				CODE_SIGN_STYLE = Automatic;
				CURRENT_PROJECT_VERSION = 1;
				DEVELOPMENT_TEAM = 4ASSJS6XBQ;
				GENERATE_INFOPLIST_FILE = YES;
				INFOPLIST_FILE = CleanCode/Info.plist;
				INFOPLIST_KEY_UIApplicationSupportsIndirectInputEvents = YES;
				INFOPLIST_KEY_UILaunchStoryboardName = LaunchScreen;
				INFOPLIST_KEY_UISupportedInterfaceOrientations_iPad = "UIInterfaceOrientationPortrait UIInterfaceOrientationPortraitUpsideDown UIInterfaceOrientationLandscapeLeft UIInterfaceOrientationLandscapeRight";
				INFOPLIST_KEY_UISupportedInterfaceOrientations_iPhone = "UIInterfaceOrientationPortrait UIInterfaceOrientationLandscapeLeft UIInterfaceOrientationLandscapeRight";
				LD_RUNPATH_SEARCH_PATHS = (
					"$(inherited)",
					"@executable_path/Frameworks",
				);
				MARKETING_VERSION = 1.0;
				PRODUCT_BUNDLE_IDENTIFIER = hz4ever.CleanCode;
				PRODUCT_NAME = "$(TARGET_NAME)";
				SWIFT_EMIT_LOC_STRINGS = YES;
				SWIFT_VERSION = 5.0;
				TARGETED_DEVICE_FAMILY = "1,2";
			};
			name = Release;
		};
		4347938F2899107300B968F1 /* Debug */ = {
			isa = XCBuildConfiguration;
			buildSettings = {
				ALWAYS_EMBED_SWIFT_STANDARD_LIBRARIES = YES;
				BUNDLE_LOADER = "$(TEST_HOST)";
				CODE_SIGN_STYLE = Automatic;
				CURRENT_PROJECT_VERSION = 1;
				DEVELOPMENT_TEAM = 4ASSJS6XBQ;
				GENERATE_INFOPLIST_FILE = YES;
				IPHONEOS_DEPLOYMENT_TARGET = 15.5;
				MARKETING_VERSION = 1.0;
				PRODUCT_BUNDLE_IDENTIFIER = hz4ever.CleanCodeTests;
				PRODUCT_NAME = "$(TARGET_NAME)";
				SWIFT_EMIT_LOC_STRINGS = NO;
				SWIFT_VERSION = 5.0;
				TARGETED_DEVICE_FAMILY = "1,2";
				TEST_HOST = "$(BUILT_PRODUCTS_DIR)/CleanCode.app/CleanCode";
			};
			name = Debug;
		};
		434793902899107300B968F1 /* Release */ = {
			isa = XCBuildConfiguration;
			buildSettings = {
				ALWAYS_EMBED_SWIFT_STANDARD_LIBRARIES = YES;
				BUNDLE_LOADER = "$(TEST_HOST)";
				CODE_SIGN_STYLE = Automatic;
				CURRENT_PROJECT_VERSION = 1;
				DEVELOPMENT_TEAM = 4ASSJS6XBQ;
				GENERATE_INFOPLIST_FILE = YES;
				IPHONEOS_DEPLOYMENT_TARGET = 15.5;
				MARKETING_VERSION = 1.0;
				PRODUCT_BUNDLE_IDENTIFIER = hz4ever.CleanCodeTests;
				PRODUCT_NAME = "$(TARGET_NAME)";
				SWIFT_EMIT_LOC_STRINGS = NO;
				SWIFT_VERSION = 5.0;
				TARGETED_DEVICE_FAMILY = "1,2";
				TEST_HOST = "$(BUILT_PRODUCTS_DIR)/CleanCode.app/CleanCode";
			};
			name = Release;
		};
		434793922899107300B968F1 /* Debug */ = {
			isa = XCBuildConfiguration;
			buildSettings = {
				ALWAYS_EMBED_SWIFT_STANDARD_LIBRARIES = YES;
				CODE_SIGN_STYLE = Automatic;
				CURRENT_PROJECT_VERSION = 1;
				DEVELOPMENT_TEAM = 4ASSJS6XBQ;
				GENERATE_INFOPLIST_FILE = YES;
				MARKETING_VERSION = 1.0;
				PRODUCT_BUNDLE_IDENTIFIER = hz4ever.CleanCodeUITests;
				PRODUCT_NAME = "$(TARGET_NAME)";
				SWIFT_EMIT_LOC_STRINGS = NO;
				SWIFT_VERSION = 5.0;
				TARGETED_DEVICE_FAMILY = "1,2";
				TEST_TARGET_NAME = CleanCode;
			};
			name = Debug;
		};
		434793932899107300B968F1 /* Release */ = {
			isa = XCBuildConfiguration;
			buildSettings = {
				ALWAYS_EMBED_SWIFT_STANDARD_LIBRARIES = YES;
				CODE_SIGN_STYLE = Automatic;
				CURRENT_PROJECT_VERSION = 1;
				DEVELOPMENT_TEAM = 4ASSJS6XBQ;
				GENERATE_INFOPLIST_FILE = YES;
				MARKETING_VERSION = 1.0;
				PRODUCT_BUNDLE_IDENTIFIER = hz4ever.CleanCodeUITests;
				PRODUCT_NAME = "$(TARGET_NAME)";
				SWIFT_EMIT_LOC_STRINGS = NO;
				SWIFT_VERSION = 5.0;
				TARGETED_DEVICE_FAMILY = "1,2";
				TEST_TARGET_NAME = CleanCode;
			};
			name = Release;
		};
/* End XCBuildConfiguration section */

/* Begin XCConfigurationList section */
		4347935C2899107100B968F1 /* Build configuration list for PBXProject "CleanCode" */ = {
			isa = XCConfigurationList;
			buildConfigurations = (
				434793892899107300B968F1 /* Debug */,
				4347938A2899107300B968F1 /* Release */,
			);
			defaultConfigurationIsVisible = 0;
			defaultConfigurationName = Release;
		};
		4347938B2899107300B968F1 /* Build configuration list for PBXNativeTarget "CleanCode" */ = {
			isa = XCConfigurationList;
			buildConfigurations = (
				4347938C2899107300B968F1 /* Debug */,
				4347938D2899107300B968F1 /* Release */,
			);
			defaultConfigurationIsVisible = 0;
			defaultConfigurationName = Release;
		};
		4347938E2899107300B968F1 /* Build configuration list for PBXNativeTarget "CleanCodeTests" */ = {
			isa = XCConfigurationList;
			buildConfigurations = (
				4347938F2899107300B968F1 /* Debug */,
				434793902899107300B968F1 /* Release */,
			);
			defaultConfigurationIsVisible = 0;
			defaultConfigurationName = Release;
		};
		434793912899107300B968F1 /* Build configuration list for PBXNativeTarget "CleanCodeUITests" */ = {
			isa = XCConfigurationList;
			buildConfigurations = (
				434793922899107300B968F1 /* Debug */,
				434793932899107300B968F1 /* Release */,
			);
			defaultConfigurationIsVisible = 0;
			defaultConfigurationName = Release;
		};
/* End XCConfigurationList section */

/* Begin XCRemoteSwiftPackageReference section */
		43C67C70289D109E0058CE58 /* XCRemoteSwiftPackageReference "Alamofire" */ = {
			isa = XCRemoteSwiftPackageReference;
			repositoryURL = "https://github.com/Alamofire/Alamofire.git";
			requirement = {
				branch = master;
				kind = branch;
			};
		};
/* End XCRemoteSwiftPackageReference section */

/* Begin XCSwiftPackageProductDependency section */
		43C67C71289D109E0058CE58 /* Alamofire */ = {
			isa = XCSwiftPackageProductDependency;
			package = 43C67C70289D109E0058CE58 /* XCRemoteSwiftPackageReference "Alamofire" */;
			productName = Alamofire;
		};
/* End XCSwiftPackageProductDependency section */
	};
	rootObject = 434793592899107100B968F1 /* Project object */;
}
